Microsoft Visual Studio Solution File, Format Version 12.00
# Visual Studio 15
VisualStudioVersion = 15.0.28307.106
MinimumVisualStudioVersion = 10.0.40219.1
Project("{9A19103F-16F7-4668-BE54-9A1E7A4F7556}") = "_2024RTLM02326", "_2024RTLM02326.csproj", "{B20D4E2A-28E5-9042-7461-807DFE8ECF60}"
EndProject
Global
    GlobalSection(SolutionConfigurationPlatforms) = preSolution
        Debug|Any CPU = Debug|Any CPU
        Release|Any CPU = Release|Any CPU
    EndGlobalSection
    GlobalSection(ProjectConfigurationPlatforms) = postSolution
        {B20D4E2A-28E5-9042-7461-807DFE8ECF60}.Debug|Any CPU.ActiveCfg = Debug|Any CPU
        {B20D4E2A-28E5-9042-7461-807DFE8ECF60}.Debug|Any CPU.Build.0 = Debug|Any CPU
        {B20D4E2A-28E5-9042-7461-807DFE8ECF60}.Release|Any CPU.ActiveCfg = Release|Any CPU
        {B20D4E2A-28E5-9042-7461-807DFE8ECF60}.Release|Any CPU.Build.0 = Release|Any CPU
    EndGlobalSection
    GlobalSection(SolutionProperties) = preSolution
        HideSolutionNode = FALSE
    EndGlobalSection
EndGlobal
